// !$*UTF8*$!
{
	archiveVersion = 1;
	classes = {
	};
	objectVersion = 50;
	objects = {

/* Begin PBXBuildFile section */
		F482DEE2239690F40063CF84 /* AppDelegate.swift in Sources */ = {isa = PBXBuildFile; fileRef = F482DEE1239690F40063CF84 /* AppDelegate.swift */; };
		F482DEE4239690F40063CF84 /* GameScene.sks in Resources */ = {isa = PBXBuildFile; fileRef = F482DEE3239690F40063CF84 /* GameScene.sks */; };
		F482DEE6239690F40063CF84 /* Actions.sks in Resources */ = {isa = PBXBuildFile; fileRef = F482DEE5239690F40063CF84 /* Actions.sks */; };
		F482DEE8239690F40063CF84 /* GameScene.swift in Sources */ = {isa = PBXBuildFile; fileRef = F482DEE7239690F40063CF84 /* GameScene.swift */; };
		F482DEEA239690F40063CF84 /* ViewController.swift in Sources */ = {isa = PBXBuildFile; fileRef = F482DEE9239690F40063CF84 /* ViewController.swift */; };
		F482DEEC239690F60063CF84 /* Assets.xcassets in Resources */ = {isa = PBXBuildFile; fileRef = F482DEEB239690F60063CF84 /* Assets.xcassets */; };
		F482DEEF239690F60063CF84 /* Main.storyboard in Resources */ = {isa = PBXBuildFile; fileRef = F482DEED239690F60063CF84 /* Main.storyboard */; };
		F482DEF8239693490063CF84 /* random.swift in Sources */ = {isa = PBXBuildFile; fileRef = F482DEF7239693490063CF84 /* random.swift */; };
/* End PBXBuildFile section */

/* Begin PBXFileReference section */
		F482DEDE239690F40063CF84 /* PlayerPieceTest.app */ = {isa = PBXFileReference; explicitFileType = wrapper.application; includeInIndex = 0; path = PlayerPieceTest.app; sourceTree = BUILT_PRODUCTS_DIR; };
		F482DEE1239690F40063CF84 /* AppDelegate.swift */ = {isa = PBXFileReference; lastKnownFileType = sourcecode.swift; path = AppDelegate.swift; sourceTree = "<group>"; };
		F482DEE3239690F40063CF84 /* GameScene.sks */ = {isa = PBXFileReference; lastKnownFileType = file.sks; path = GameScene.sks; sourceTree = "<group>"; };
		F482DEE5239690F40063CF84 /* Actions.sks */ = {isa = PBXFileReference; lastKnownFileType = file.sks; path = Actions.sks; sourceTree = "<group>"; };
		F482DEE7239690F40063CF84 /* GameScene.swift */ = {isa = PBXFileReference; lastKnownFileType = sourcecode.swift; path = GameScene.swift; sourceTree = "<group>"; };
		F482DEE9239690F40063CF84 /* ViewController.swift */ = {isa = PBXFileReference; lastKnownFileType = sourcecode.swift; path = ViewController.swift; sourceTree = "<group>"; };
		F482DEEB239690F60063CF84 /* Assets.xcassets */ = {isa = PBXFileReference; lastKnownFileType = folder.assetcatalog; path = Assets.xcassets; sourceTree = "<group>"; };
		F482DEEE239690F60063CF84 /* Base */ = {isa = PBXFileReference; lastKnownFileType = file.storyboard; name = Base; path = Base.lproj/Main.storyboard; sourceTree = "<group>"; };
		F482DEF0239690F60063CF84 /* Info.plist */ = {isa = PBXFileReference; lastKnownFileType = text.plist.xml; path = Info.plist; sourceTree = "<group>"; };
		F482DEF1239690F60063CF84 /* PlayerPieceTest.entitlements */ = {isa = PBXFileReference; lastKnownFileType = text.plist.entitlements; path = PlayerPieceTest.entitlements; sourceTree = "<group>"; };
		F482DEF7239693490063CF84 /* random.swift */ = {isa = PBXFileReference; fileEncoding = 4; lastKnownFileType = sourcecode.swift; path = random.swift; sourceTree = "<group>"; };
/* End PBXFileReference section */

/* Begin PBXFrameworksBuildPhase section */
		F482DEDB239690F40063CF84 /* Frameworks */ = {
			isa = PBXFrameworksBuildPhase;
			buildActionMask = 2147483647;
			files = (
			);
			runOnlyForDeploymentPostprocessing = 0;
		};
/* End PBXFrameworksBuildPhase section */

/* Begin PBXGroup section */
		F482DED5239690F40063CF84 = {
			isa = PBXGroup;
			children = (
				F482DEE0239690F40063CF84 /* PlayerPieceTest */,
				F482DEDF239690F40063CF84 /* Products */,
			);
			sourceTree = "<group>";
		};
		F482DEDF239690F40063CF84 /* Products */ = {
			isa = PBXGroup;
			children = (
				F482DEDE239690F40063CF84 /* PlayerPieceTest.app */,
			);
			name = Products;
			sourceTree = "<group>";
		};
		F482DEE0239690F40063CF84 /* PlayerPieceTest */ = {
			isa = PBXGroup;
			children = (
				F482DEE1239690F40063CF84 /* AppDelegate.swift */,
				F482DEE3239690F40063CF84 /* GameScene.sks */,
				F482DEE5239690F40063CF84 /* Actions.sks */,
				F482DEF7239693490063CF84 /* random.swift */,
				F482DEE7239690F40063CF84 /* GameScene.swift */,
				F482DEE9239690F40063CF84 /* ViewController.swift */,
				F482DEEB239690F60063CF84 /* Assets.xcassets */,
				F482DEED239690F60063CF84 /* Main.storyboard */,
				F482DEF0239690F60063CF84 /* Info.plist */,
				F482DEF1239690F60063CF84 /* PlayerPieceTest.entitlements */,
			);
			path = PlayerPieceTest;
			sourceTree = "<group>";
		};
/* End PBXGroup section */

/* Begin PBXNativeTarget section */
		F482DEDD239690F40063CF84 /* PlayerPieceTest */ = {
			isa = PBXNativeTarget;
			buildConfigurationList = F482DEF4239690F60063CF84 /* Build configuration list for PBXNativeTarget "PlayerPieceTest" */;
			buildPhases = (
				F482DEDA239690F40063CF84 /* Sources */,
				F482DEDB239690F40063CF84 /* Frameworks */,
				F482DEDC239690F40063CF84 /* Resources */,
			);
			buildRules = (
			);
			dependencies = (
			);
			name = PlayerPieceTest;
			productName = PlayerPieceTest;
			productReference = F482DEDE239690F40063CF84 /* PlayerPieceTest.app */;
			productType = "com.apple.product-type.application";
		};
/* End PBXNativeTarget section */

/* Begin PBXProject section */
		F482DED6239690F40063CF84 /* Project object */ = {
			isa = PBXProject;
			attributes = {
				LastSwiftUpdateCheck = 1030;
				LastUpgradeCheck = 1030;
				ORGANIZATIONNAME = "Tom Shiflet";
				TargetAttributes = {
					F482DEDD239690F40063CF84 = {
						CreatedOnToolsVersion = 10.3;
					};
				};
			};
			buildConfigurationList = F482DED9239690F40063CF84 /* Build configuration list for PBXProject "PlayerPieceTest" */;
			compatibilityVersion = "Xcode 9.3";
			developmentRegion = en;
			hasScannedForEncodings = 0;
			knownRegions = (
				en,
				Base,
			);
			mainGroup = F482DED5239690F40063CF84;
			productRefGroup = F482DEDF239690F40063CF84 /* Products */;
			projectDirPath = "";
			projectRoot = "";
			targets = (
				F482DEDD239690F40063CF84 /* PlayerPieceTest */,
			);
		};
/* End PBXProject section */

/* Begin PBXResourcesBuildPhase section */
		F482DEDC239690F40063CF84 /* Resources */ = {
			isa = PBXResourcesBuildPhase;
			buildActionMask = 2147483647;
			files = (
				F482DEE4239690F40063CF84 /* GameScene.sks in Resources */,
				F482DEEC239690F60063CF84 /* Assets.xcassets in Resources */,
				F482DEE6239690F40063CF84 /* Actions.sks in Resources */,
				F482DEEF239690F60063CF84 /* Main.storyboard in Resources */,
			);
			runOnlyForDeploymentPostprocessing = 0;
		};
/* End PBXResourcesBuildPhase section */

/* Begin PBXSourcesBuildPhase section */
		F482DEDA239690F40063CF84 /* Sources */ = {
			isa = PBXSourcesBuildPhase;
			buildActionMask = 2147483647;
			files = (
				F482DEF8239693490063CF84 /* random.swift in Sources */,
				F482DEEA239690F40063CF84 /* ViewController.swift in Sources */,
				F482DEE8239690F40063CF84 /* GameScene.swift in Sources */,
				F482DEE2239690F40063CF84 /* AppDelegate.swift in Sources */,
			);
			runOnlyForDeploymentPostprocessing = 0;
		};
/* End PBXSourcesBuildPhase section */

/* Begin PBXVariantGroup section */
		F482DEED239690F60063CF84 /* Main.storyboard */ = {
			isa = PBXVariantGroup;
			children = (
				F482DEEE239690F60063CF84 /* Base */,
			);
			name = Main.storyboard;
			sourceTree = "<group>";
		};
/* End PBXVariantGroup section */

/* Begin XCBuildConfiguration section */
		F482DEF2239690F60063CF84 /* Debug */ = {
			isa = XCBuildConfiguration;
			buildSettings = {
				ALWAYS_SEARCH_USER_PATHS = NO;
				CLANG_ANALYZER_NONNULL = YES;
				CLANG_ANALYZER_NUMBER_OBJECT_CONVERSION = YES_AGGRESSIVE;
				CLANG_CXX_LANGUAGE_STANDARD = "gnu++14";
				CLANG_CXX_LIBRARY = "libc++";
				CLANG_ENABLE_MODULES = YES;
				CLANG_ENABLE_OBJC_ARC = YES;
				CLANG_ENABLE_OBJC_WEAK = YES;
				CLANG_WARN_BLOCK_CAPTURE_AUTORELEASING = YES;
				CLANG_WARN_BOOL_CONVERSION = YES;
				CLANG_WARN_COMMA = YES;
				CLANG_WARN_CONSTANT_CONVERSION = YES;
				CLANG_WARN_DEPRECATED_OBJC_IMPLEMENTATIONS = YES;
				CLANG_WARN_DIRECT_OBJC_ISA_USAGE = YES_ERROR;
				CLANG_WARN_DOCUMENTATION_COMMENTS = YES;
				CLANG_WARN_EMPTY_BODY = YES;
				CLANG_WARN_ENUM_CONVERSION = YES;
				CLANG_WARN_INFINITE_RECURSION = YES;
				CLANG_WARN_INT_CONVERSION = YES;
				CLANG_WARN_NON_LITERAL_NULL_CONVERSION = YES;
				CLANG_WARN_OBJC_IMPLICIT_RETAIN_SELF = YES;
				CLANG_WARN_OBJC_LITERAL_CONVERSION = YES;
				CLANG_WARN_OBJC_ROOT_CLASS = YES_ERROR;
				CLANG_WARN_RANGE_LOOP_ANALYSIS = YES;
				CLANG_WARN_STRICT_PROTOTYPES = YES;
				CLANG_WARN_SUSPICIOUS_MOVE = YES;
				CLANG_WARN_UNGUARDED_AVAILABILITY = YES_AGGRESSIVE;
				CLANG_WARN_UNREACHABLE_CODE = YES;
				CLANG_WARN__DUPLICATE_METHOD_MATCH = YES;
				CODE_SIGN_IDENTITY = "-";
				COPY_PHASE_STRIP = NO;
				DEBUG_INFORMATION_FORMAT = dwarf;
				ENABLE_STRICT_OBJC_MSGSEND = YES;
				ENABLE_TESTABILITY = YES;
				GCC_C_LANGUAGE_STANDARD = gnu11;
				GCC_DYNAMIC_NO_PIC = NO;
				GCC_NO_COMMON_BLOCKS = YES;
				GCC_OPTIMIZATION_LEVEL = 0;
				GCC_PREPROCESSOR_DEFINITIONS = (
					"DEBUG=1",
					"$(inherited)",
				);
				GCC_WARN_64_TO_32_BIT_CONVERSION = YES;
				GCC_WARN_ABOUT_RETURN_TYPE = YES_ERROR;
				GCC_WARN_UNDECLARED_SELECTOR = YES;
				GCC_WARN_UNINITIALIZED_AUTOS = YES_AGGRESSIVE;
				GCC_WARN_UNUSED_FUNCTION = YES;
				GCC_WARN_UNUSED_VARIABLE = YES;
				MACOSX_DEPLOYMENT_TARGET = 10.14;
				MTL_ENABLE_DEBUG_INFO = INCLUDE_SOURCE;
				MTL_FAST_MATH = YES;
				ONLY_ACTIVE_ARCH = YES;
				SDKROOT = macosx;
				SWIFT_ACTIVE_COMPILATION_CONDITIONS = DEBUG;
				SWIFT_OPTIMIZATION_LEVEL = "-Onone";
			};
			name = Debug;
		};
		F482DEF3239690F60063CF84 /* Release */ = {
			isa = XCBuildConfiguration;
			buildSettings = {
				ALWAYS_SEARCH_USER_PATHS = NO;
				CLANG_ANALYZER_NONNULL = YES;
				CLANG_ANALYZER_NUMBER_OBJECT_CONVERSION = YES_AGGRESSIVE;
				CLANG_CXX_LANGUAGE_STANDARD = "gnu++14";
				CLANG_CXX_LIBRARY = "libc++";
				CLANG_ENABLE_MODULES = YES;
				CLANG_ENABLE_OBJC_ARC = YES;
				CLANG_ENABLE_OBJC_WEAK = YES;
				CLANG_WARN_BLOCK_CAPTURE_AUTORELEASING = YES;
				CLANG_WARN_BOOL_CONVERSION = YES;
				CLANG_WARN_COMMA = YES;
				CLANG_WARN_CONSTANT_CONVERSION = YES;
				CLANG_WARN_DEPRECATED_OBJC_IMPLEMENTATIONS = YES;
				CLANG_WARN_DIRECT_OBJC_ISA_USAGE = YES_ERROR;
				CLANG_WARN_DOCUMENTATION_COMMENTS = YES;
				CLANG_WARN_EMPTY_BODY = YES;
				CLANG_WARN_ENUM_CONVERSION = YES;
				CLANG_WARN_INFINITE_RECURSION = YES;
				CLANG_WARN_INT_CONVERSION = YES;
				CLANG_WARN_NON_LITERAL_NULL_CONVERSION = YES;
				CLANG_WARN_OBJC_IMPLICIT_RETAIN_SELF = YES;
				CLANG_WARN_OBJC_LITERAL_CONVERSION = YES;
				CLANG_WARN_OBJC_ROOT_CLASS = YES_ERROR;
				CLANG_WARN_RANGE_LOOP_ANALYSIS = YES;
				CLANG_WARN_STRICT_PROTOTYPES = YES;
				CLANG_WARN_SUSPICIOUS_MOVE = YES;
				CLANG_WARN_UNGUARDED_AVAILABILITY = YES_AGGRESSIVE;
				CLANG_WARN_UNREACHABLE_CODE = YES;
				CLANG_WARN__DUPLICATE_METHOD_MATCH = YES;
				CODE_SIGN_IDENTITY = "-";
				COPY_PHASE_STRIP = NO;
				DEBUG_INFORMATION_FORMAT = "dwarf-with-dsym";
				ENABLE_NS_ASSERTIONS = NO;
				ENABLE_STRICT_OBJC_MSGSEND = YES;
				GCC_C_LANGUAGE_STANDARD = gnu11;
				GCC_NO_COMMON_BLOCKS = YES;
				GCC_WARN_64_TO_32_BIT_CONVERSION = YES;
				GCC_WARN_ABOUT_RETURN_TYPE = YES_ERROR;
				GCC_WARN_UNDECLARED_SELECTOR = YES;
				GCC_WARN_UNINITIALIZED_AUTOS = YES_AGGRESSIVE;
				GCC_WARN_UNUSED_FUNCTION = YES;
				GCC_WARN_UNUSED_VARIABLE = YES;
				MACOSX_DEPLOYMENT_TARGET = 10.14;
				MTL_ENABLE_DEBUG_INFO = NO;
				MTL_FAST_MATH = YES;
				SDKROOT = macosx;
				SWIFT_COMPILATION_MODE = wholemodule;
				SWIFT_OPTIMIZATION_LEVEL = "-O";
			};
			name = Release;
		};
		F482DEF5239690F60063CF84 /* Debug */ = {
			isa = XCBuildConfiguration;
			buildSettings = {
				ASSETCATALOG_COMPILER_APPICON_NAME = AppIcon;
				CODE_SIGN_ENTITLEMENTS = PlayerPieceTest/PlayerPieceTest.entitlements;
				CODE_SIGN_STYLE = Automatic;
				COMBINE_HIDPI_IMAGES = YES;
				INFOPLIST_FILE = PlayerPieceTest/Info.plist;
				LD_RUNPATH_SEARCH_PATHS = (
					"$(inherited)",
					"@executable_path/../Frameworks",
				);
				PRODUCT_BUNDLE_IDENTIFIER = TJS.PlayerPieceTest;
				PRODUCT_NAME = "$(TARGET_NAME)";
				SWIFT_VERSION = 5.0;
			};
			name = Debug;
		};
		F482DEF6239690F60063CF84 /* Release */ = {
			isa = XCBuildConfiguration;
			buildSettings = {
				ASSETCATALOG_COMPILER_APPICON_NAME = AppIcon;
				CODE_SIGN_ENTITLEMENTS = PlayerPieceTest/PlayerPieceTest.entitlements;
				CODE_SIGN_STYLE = Automatic;
				COMBINE_HIDPI_IMAGES = YES;
				INFOPLIST_FILE = PlayerPieceTest/Info.plist;
				LD_RUNPATH_SEARCH_PATHS = (
					"$(inherited)",
					"@executable_path/../Frameworks",
				);
				PRODUCT_BUNDLE_IDENTIFIER = TJS.PlayerPieceTest;
				PRODUCT_NAME = "$(TARGET_NAME)";
				SWIFT_VERSION = 5.0;
			};
			name = Release;
		};
/* End XCBuildConfiguration section */

/* Begin XCConfigurationList section */
		F482DED9239690F40063CF84 /* Build configuration list for PBXProject "PlayerPieceTest" */ = {
			isa = XCConfigurationList;
			buildConfigurations = (
				F482DEF2239690F60063CF84 /* Debug */,
				F482DEF3239690F60063CF84 /* Release */,
			);
			defaultConfigurationIsVisible = 0;
			defaultConfigurationName = Release;
		};
		F482DEF4239690F60063CF84 /* Build configuration list for PBXNativeTarget "PlayerPieceTest" */ = {
			isa = XCConfigurationList;
			buildConfigurations = (
				F482DEF5239690F60063CF84 /* Debug */,
				F482DEF6239690F60063CF84 /* Release */,
			);
			defaultConfigurationIsVisible = 0;
			defaultConfigurationName = Release;
		};
/* End XCConfigurationList section */
	};
	rootObject = F482DED6239690F40063CF84 /* Project object */;
}
